
Microsoft Visual Studio Solution File, Format Version 12.00
# Visual Studio Version 16
VisualStudioVersion = 16.0.31402.337
MinimumVisualStudioVersion = 10.0.40219.1
Project("{FAE04EC0-301F-11D3-BF4B-00C04F79EFBC}") = "Play.Inventory", "Play.Inventory\Play.Inventory.csproj", "{4FF3470C-8F42-4186-9F71-6299E9D576E9}"
EndProject
Global
	GlobalSection(SolutionConfigurationPlatforms) = preSolution
		Debug|Any CPU = Debug|Any CPU
		Release|Any CPU = Release|Any CPU
	EndGlobalSection
	GlobalSection(ProjectConfigurationPlatforms) = postSolution
		{4FF3470C-8F42-4186-9F71-6299E9D576E9}.Debug|Any CPU.ActiveCfg = Debug|Any CPU
		{4FF3470C-8F42-4186-9F71-6299E9D576E9}.Debug|Any CPU.Build.0 = Debug|Any CPU
		{4FF3470C-8F42-4186-9F71-6299E9D576E9}.Release|Any CPU.ActiveCfg = Release|Any CPU
		{4FF3470C-8F42-4186-9F71-6299E9D576E9}.Release|Any CPU.Build.0 = Release|Any CPU
	EndGlobalSection
	GlobalSection(SolutionProperties) = preSolution
		HideSolutionNode = FALSE
	EndGlobalSection
	GlobalSection(ExtensibilityGlobals) = postSolution
		SolutionGuid = {54E63DC3-96A9-4808-B633-9D5624426CB0}
	EndGlobalSection
EndGlobal
